
Microsoft Visual Studio Solution File, Format Version 12.00
# Visual Studio Version 17
VisualStudioVersion = 17.10.34916.146
MinimumVisualStudioVersion = 10.0.40219.1
Project("{FAE04EC0-301F-11D3-BF4B-00C04F79EFBC}") = "TestProject", "TestProject\TestProject.csproj", "{92C38057-2FC4-48AC-AE16-4E3E6EB64A2D}"
EndProject
Global
	GlobalSection(SolutionConfigurationPlatforms) = preSolution
		Debug|Any CPU = Debug|Any CPU
		Release|Any CPU = Release|Any CPU
	EndGlobalSection
	GlobalSection(ProjectConfigurationPlatforms) = postSolution
		{92C38057-2FC4-48AC-AE16-4E3E6EB64A2D}.Debug|Any CPU.ActiveCfg = Debug|Any CPU
		{92C38057-2FC4-48AC-AE16-4E3E6EB64A2D}.Debug|Any CPU.Build.0 = Debug|Any CPU
		{92C38057-2FC4-48AC-AE16-4E3E6EB64A2D}.Release|Any CPU.ActiveCfg = Release|Any CPU
		{92C38057-2FC4-48AC-AE16-4E3E6EB64A2D}.Release|Any CPU.Build.0 = Release|Any CPU
	EndGlobalSection
	GlobalSection(SolutionProperties) = preSolution
		HideSolutionNode = FALSE
	EndGlobalSection
	GlobalSection(ExtensibilityGlobals) = postSolution
		SolutionGuid = {221C53D3-33E4-4B25-ABB6-54943F4BD2AE}
	EndGlobalSection
EndGlobal
